// !$*UTF8*$!
{
	archiveVersion = 1;
	classes = {
	};
	objectVersion = 50;
	objects = {

/* Begin PBXBuildFile section */
		A623B42F244845C100EF50F0 /* AppDelegate.swift in Sources */ = {isa = PBXBuildFile; fileRef = A623B42E244845C100EF50F0 /* AppDelegate.swift */; };
		A623B431244845C100EF50F0 /* SceneDelegate.swift in Sources */ = {isa = PBXBuildFile; fileRef = A623B430244845C100EF50F0 /* SceneDelegate.swift */; };
		A623B433244845C100EF50F0 /* ContentView.swift in Sources */ = {isa = PBXBuildFile; fileRef = A623B432244845C100EF50F0 /* ContentView.swift */; };
		A623B435244845C300EF50F0 /* Assets.xcassets in Resources */ = {isa = PBXBuildFile; fileRef = A623B434244845C300EF50F0 /* Assets.xcassets */; };
		A623B438244845C300EF50F0 /* Preview Assets.xcassets in Resources */ = {isa = PBXBuildFile; fileRef = A623B437244845C300EF50F0 /* Preview Assets.xcassets */; };
		A623B43B244845C300EF50F0 /* LaunchScreen.storyboard in Resources */ = {isa = PBXBuildFile; fileRef = A623B439244845C300EF50F0 /* LaunchScreen.storyboard */; };
		A623B446244845C300EF50F0 /* PagenatedViewTests.swift in Sources */ = {isa = PBXBuildFile; fileRef = A623B445244845C300EF50F0 /* PagenatedViewTests.swift */; };
		A623B451244845C300EF50F0 /* PagenatedViewUITests.swift in Sources */ = {isa = PBXBuildFile; fileRef = A623B450244845C300EF50F0 /* PagenatedViewUITests.swift */; };
		BE68A83E244C708400F47174 /* DemoItem.swift in Sources */ = {isa = PBXBuildFile; fileRef = BE68A83D244C708400F47174 /* DemoItem.swift */; };
		BE68A842244CA0F100F47174 /* DemoWrapper1.swift in Sources */ = {isa = PBXBuildFile; fileRef = BE68A841244CA0F100F47174 /* DemoWrapper1.swift */; };
		BE68A844244CA5B300F47174 /* UserPreference.swift in Sources */ = {isa = PBXBuildFile; fileRef = BE68A843244CA5B300F47174 /* UserPreference.swift */; };
		BE68A846244D48C900F47174 /* DemoWrapper2.swift in Sources */ = {isa = PBXBuildFile; fileRef = BE68A845244D48C900F47174 /* DemoWrapper2.swift */; };
		BE68A848244E02F500F47174 /* MySubscriber.swift in Sources */ = {isa = PBXBuildFile; fileRef = BE68A847244E02F500F47174 /* MySubscriber.swift */; };
/* End PBXBuildFile section */

/* Begin PBXContainerItemProxy section */
		A623B442244845C300EF50F0 /* PBXContainerItemProxy */ = {
			isa = PBXContainerItemProxy;
			containerPortal = A623B423244845C100EF50F0 /* Project object */;
			proxyType = 1;
			remoteGlobalIDString = A623B42A244845C100EF50F0;
			remoteInfo = PagenatedView;
		};
		A623B44D244845C300EF50F0 /* PBXContainerItemProxy */ = {
			isa = PBXContainerItemProxy;
			containerPortal = A623B423244845C100EF50F0 /* Project object */;
			proxyType = 1;
			remoteGlobalIDString = A623B42A244845C100EF50F0;
			remoteInfo = PagenatedView;
		};
/* End PBXContainerItemProxy section */

/* Begin PBXFileReference section */
		A623B42B244845C100EF50F0 /* PagenatedView.app */ = {isa = PBXFileReference; explicitFileType = wrapper.application; includeInIndex = 0; path = PagenatedView.app; sourceTree = BUILT_PRODUCTS_DIR; };
		A623B42E244845C100EF50F0 /* AppDelegate.swift */ = {isa = PBXFileReference; lastKnownFileType = sourcecode.swift; path = AppDelegate.swift; sourceTree = "<group>"; };
		A623B430244845C100EF50F0 /* SceneDelegate.swift */ = {isa = PBXFileReference; lastKnownFileType = sourcecode.swift; path = SceneDelegate.swift; sourceTree = "<group>"; };
		A623B432244845C100EF50F0 /* ContentView.swift */ = {isa = PBXFileReference; lastKnownFileType = sourcecode.swift; path = ContentView.swift; sourceTree = "<group>"; };
		A623B434244845C300EF50F0 /* Assets.xcassets */ = {isa = PBXFileReference; lastKnownFileType = folder.assetcatalog; path = Assets.xcassets; sourceTree = "<group>"; };
		A623B437244845C300EF50F0 /* Preview Assets.xcassets */ = {isa = PBXFileReference; lastKnownFileType = folder.assetcatalog; path = "Preview Assets.xcassets"; sourceTree = "<group>"; };
		A623B43A244845C300EF50F0 /* Base */ = {isa = PBXFileReference; lastKnownFileType = file.storyboard; name = Base; path = Base.lproj/LaunchScreen.storyboard; sourceTree = "<group>"; };
		A623B43C244845C300EF50F0 /* Info.plist */ = {isa = PBXFileReference; lastKnownFileType = text.plist.xml; path = Info.plist; sourceTree = "<group>"; };
		A623B441244845C300EF50F0 /* PagenatedViewTests.xctest */ = {isa = PBXFileReference; explicitFileType = wrapper.cfbundle; includeInIndex = 0; path = PagenatedViewTests.xctest; sourceTree = BUILT_PRODUCTS_DIR; };
		A623B445244845C300EF50F0 /* PagenatedViewTests.swift */ = {isa = PBXFileReference; lastKnownFileType = sourcecode.swift; path = PagenatedViewTests.swift; sourceTree = "<group>"; };
		A623B447244845C300EF50F0 /* Info.plist */ = {isa = PBXFileReference; lastKnownFileType = text.plist.xml; path = Info.plist; sourceTree = "<group>"; };
		A623B44C244845C300EF50F0 /* PagenatedViewUITests.xctest */ = {isa = PBXFileReference; explicitFileType = wrapper.cfbundle; includeInIndex = 0; path = PagenatedViewUITests.xctest; sourceTree = BUILT_PRODUCTS_DIR; };
		A623B450244845C300EF50F0 /* PagenatedViewUITests.swift */ = {isa = PBXFileReference; lastKnownFileType = sourcecode.swift; path = PagenatedViewUITests.swift; sourceTree = "<group>"; };
		A623B452244845C300EF50F0 /* Info.plist */ = {isa = PBXFileReference; lastKnownFileType = text.plist.xml; path = Info.plist; sourceTree = "<group>"; };
		BE68A83D244C708400F47174 /* DemoItem.swift */ = {isa = PBXFileReference; lastKnownFileType = sourcecode.swift; path = DemoItem.swift; sourceTree = "<group>"; };
		BE68A841244CA0F100F47174 /* DemoWrapper1.swift */ = {isa = PBXFileReference; lastKnownFileType = sourcecode.swift; path = DemoWrapper1.swift; sourceTree = "<group>"; };
		BE68A843244CA5B300F47174 /* UserPreference.swift */ = {isa = PBXFileReference; lastKnownFileType = sourcecode.swift; path = UserPreference.swift; sourceTree = "<group>"; };
		BE68A845244D48C900F47174 /* DemoWrapper2.swift */ = {isa = PBXFileReference; lastKnownFileType = sourcecode.swift; path = DemoWrapper2.swift; sourceTree = "<group>"; };
		BE68A847244E02F500F47174 /* MySubscriber.swift */ = {isa = PBXFileReference; lastKnownFileType = sourcecode.swift; path = MySubscriber.swift; sourceTree = "<group>"; };
/* End PBXFileReference section */

/* Begin PBXFrameworksBuildPhase section */
		A623B428244845C100EF50F0 /* Frameworks */ = {
			isa = PBXFrameworksBuildPhase;
			buildActionMask = 2147483647;
			files = (
			);
			runOnlyForDeploymentPostprocessing = 0;
		};
		A623B43E244845C300EF50F0 /* Frameworks */ = {
			isa = PBXFrameworksBuildPhase;
			buildActionMask = 2147483647;
			files = (
			);
			runOnlyForDeploymentPostprocessing = 0;
		};
		A623B449244845C300EF50F0 /* Frameworks */ = {
			isa = PBXFrameworksBuildPhase;
			buildActionMask = 2147483647;
			files = (
			);
			runOnlyForDeploymentPostprocessing = 0;
		};
/* End PBXFrameworksBuildPhase section */

/* Begin PBXGroup section */
		A623B422244845C100EF50F0 = {
			isa = PBXGroup;
			children = (
				A623B42D244845C100EF50F0 /* PagenatedView */,
				A623B444244845C300EF50F0 /* PagenatedViewTests */,
				A623B44F244845C300EF50F0 /* PagenatedViewUITests */,
				A623B42C244845C100EF50F0 /* Products */,
			);
			sourceTree = "<group>";
		};
		A623B42C244845C100EF50F0 /* Products */ = {
			isa = PBXGroup;
			children = (
				A623B42B244845C100EF50F0 /* PagenatedView.app */,
				A623B441244845C300EF50F0 /* PagenatedViewTests.xctest */,
				A623B44C244845C300EF50F0 /* PagenatedViewUITests.xctest */,
			);
			name = Products;
			sourceTree = "<group>";
		};
		A623B42D244845C100EF50F0 /* PagenatedView */ = {
			isa = PBXGroup;
			children = (
				A623B42E244845C100EF50F0 /* AppDelegate.swift */,
				A623B430244845C100EF50F0 /* SceneDelegate.swift */,
				A623B432244845C100EF50F0 /* ContentView.swift */,
				BE68A83D244C708400F47174 /* DemoItem.swift */,
				BE68A841244CA0F100F47174 /* DemoWrapper1.swift */,
				BE68A845244D48C900F47174 /* DemoWrapper2.swift */,
				BE68A843244CA5B300F47174 /* UserPreference.swift */,
				BE68A847244E02F500F47174 /* MySubscriber.swift */,
				A623B434244845C300EF50F0 /* Assets.xcassets */,
				A623B439244845C300EF50F0 /* LaunchScreen.storyboard */,
				A623B43C244845C300EF50F0 /* Info.plist */,
				A623B436244845C300EF50F0 /* Preview Content */,
			);
			path = PagenatedView;
			sourceTree = "<group>";
		};
		A623B436244845C300EF50F0 /* Preview Content */ = {
			isa = PBXGroup;
			children = (
				A623B437244845C300EF50F0 /* Preview Assets.xcassets */,
			);
			path = "Preview Content";
			sourceTree = "<group>";
		};
		A623B444244845C300EF50F0 /* PagenatedViewTests */ = {
			isa = PBXGroup;
			children = (
				A623B445244845C300EF50F0 /* PagenatedViewTests.swift */,
				A623B447244845C300EF50F0 /* Info.plist */,
			);
			path = PagenatedViewTests;
			sourceTree = "<group>";
		};
		A623B44F244845C300EF50F0 /* PagenatedViewUITests */ = {
			isa = PBXGroup;
			children = (
				A623B450244845C300EF50F0 /* PagenatedViewUITests.swift */,
				A623B452244845C300EF50F0 /* Info.plist */,
			);
			path = PagenatedViewUITests;
			sourceTree = "<group>";
		};
/* End PBXGroup section */

/* Begin PBXNativeTarget section */
		A623B42A244845C100EF50F0 /* PagenatedView */ = {
			isa = PBXNativeTarget;
			buildConfigurationList = A623B455244845C300EF50F0 /* Build configuration list for PBXNativeTarget "PagenatedView" */;
			buildPhases = (
				A623B427244845C100EF50F0 /* Sources */,
				A623B428244845C100EF50F0 /* Frameworks */,
				A623B429244845C100EF50F0 /* Resources */,
			);
			buildRules = (
			);
			dependencies = (
			);
			name = PagenatedView;
			productName = PagenatedView;
			productReference = A623B42B244845C100EF50F0 /* PagenatedView.app */;
			productType = "com.apple.product-type.application";
		};
		A623B440244845C300EF50F0 /* PagenatedViewTests */ = {
			isa = PBXNativeTarget;
			buildConfigurationList = A623B458244845C300EF50F0 /* Build configuration list for PBXNativeTarget "PagenatedViewTests" */;
			buildPhases = (
				A623B43D244845C300EF50F0 /* Sources */,
				A623B43E244845C300EF50F0 /* Frameworks */,
				A623B43F244845C300EF50F0 /* Resources */,
			);
			buildRules = (
			);
			dependencies = (
				A623B443244845C300EF50F0 /* PBXTargetDependency */,
			);
			name = PagenatedViewTests;
			productName = PagenatedViewTests;
			productReference = A623B441244845C300EF50F0 /* PagenatedViewTests.xctest */;
			productType = "com.apple.product-type.bundle.unit-test";
		};
		A623B44B244845C300EF50F0 /* PagenatedViewUITests */ = {
			isa = PBXNativeTarget;
			buildConfigurationList = A623B45B244845C300EF50F0 /* Build configuration list for PBXNativeTarget "PagenatedViewUITests" */;
			buildPhases = (
				A623B448244845C300EF50F0 /* Sources */,
				A623B449244845C300EF50F0 /* Frameworks */,
				A623B44A244845C300EF50F0 /* Resources */,
			);
			buildRules = (
			);
			dependencies = (
				A623B44E244845C300EF50F0 /* PBXTargetDependency */,
			);
			name = PagenatedViewUITests;
			productName = PagenatedViewUITests;
			productReference = A623B44C244845C300EF50F0 /* PagenatedViewUITests.xctest */;
			productType = "com.apple.product-type.bundle.ui-testing";
		};
/* End PBXNativeTarget section */

/* Begin PBXProject section */
		A623B423244845C100EF50F0 /* Project object */ = {
			isa = PBXProject;
			attributes = {
				LastSwiftUpdateCheck = 1130;
				LastUpgradeCheck = 1130;
				ORGANIZATIONNAME = "Hsiao, Wayne";
				TargetAttributes = {
					A623B42A244845C100EF50F0 = {
						CreatedOnToolsVersion = 11.3.1;
					};
					A623B440244845C300EF50F0 = {
						CreatedOnToolsVersion = 11.3.1;
						TestTargetID = A623B42A244845C100EF50F0;
					};
					A623B44B244845C300EF50F0 = {
						CreatedOnToolsVersion = 11.3.1;
						TestTargetID = A623B42A244845C100EF50F0;
					};
				};
			};
			buildConfigurationList = A623B426244845C100EF50F0 /* Build configuration list for PBXProject "PagenatedView" */;
			compatibilityVersion = "Xcode 9.3";
			developmentRegion = en;
			hasScannedForEncodings = 0;
			knownRegions = (
				en,
				Base,
			);
			mainGroup = A623B422244845C100EF50F0;
			productRefGroup = A623B42C244845C100EF50F0 /* Products */;
			projectDirPath = "";
			projectRoot = "";
			targets = (
				A623B42A244845C100EF50F0 /* PagenatedView */,
				A623B440244845C300EF50F0 /* PagenatedViewTests */,
				A623B44B244845C300EF50F0 /* PagenatedViewUITests */,
			);
		};
/* End PBXProject section */

/* Begin PBXResourcesBuildPhase section */
		A623B429244845C100EF50F0 /* Resources */ = {
			isa = PBXResourcesBuildPhase;
			buildActionMask = 2147483647;
			files = (
				A623B43B244845C300EF50F0 /* LaunchScreen.storyboard in Resources */,
				A623B438244845C300EF50F0 /* Preview Assets.xcassets in Resources */,
				A623B435244845C300EF50F0 /* Assets.xcassets in Resources */,
			);
			runOnlyForDeploymentPostprocessing = 0;
		};
		A623B43F244845C300EF50F0 /* Resources */ = {
			isa = PBXResourcesBuildPhase;
			buildActionMask = 2147483647;
			files = (
			);
			runOnlyForDeploymentPostprocessing = 0;
		};
		A623B44A244845C300EF50F0 /* Resources */ = {
			isa = PBXResourcesBuildPhase;
			buildActionMask = 2147483647;
			files = (
			);
			runOnlyForDeploymentPostprocessing = 0;
		};
/* End PBXResourcesBuildPhase section */

/* Begin PBXSourcesBuildPhase section */
		A623B427244845C100EF50F0 /* Sources */ = {
			isa = PBXSourcesBuildPhase;
			buildActionMask = 2147483647;
			files = (
				BE68A846244D48C900F47174 /* DemoWrapper2.swift in Sources */,
				A623B42F244845C100EF50F0 /* AppDelegate.swift in Sources */,
				BE68A844244CA5B300F47174 /* UserPreference.swift in Sources */,
				BE68A83E244C708400F47174 /* DemoItem.swift in Sources */,
				A623B431244845C100EF50F0 /* SceneDelegate.swift in Sources */,
				BE68A842244CA0F100F47174 /* DemoWrapper1.swift in Sources */,
				A623B433244845C100EF50F0 /* ContentView.swift in Sources */,
				BE68A848244E02F500F47174 /* MySubscriber.swift in Sources */,
			);
			runOnlyForDeploymentPostprocessing = 0;
		};
		A623B43D244845C300EF50F0 /* Sources */ = {
			isa = PBXSourcesBuildPhase;
			buildActionMask = 2147483647;
			files = (
				A623B446244845C300EF50F0 /* PagenatedViewTests.swift in Sources */,
			);
			runOnlyForDeploymentPostprocessing = 0;
		};
		A623B448244845C300EF50F0 /* Sources */ = {
			isa = PBXSourcesBuildPhase;
			buildActionMask = 2147483647;
			files = (
				A623B451244845C300EF50F0 /* PagenatedViewUITests.swift in Sources */,
			);
			runOnlyForDeploymentPostprocessing = 0;
		};
/* End PBXSourcesBuildPhase section */

/* Begin PBXTargetDependency section */
		A623B443244845C300EF50F0 /* PBXTargetDependency */ = {
			isa = PBXTargetDependency;
			target = A623B42A244845C100EF50F0 /* PagenatedView */;
			targetProxy = A623B442244845C300EF50F0 /* PBXContainerItemProxy */;
		};
		A623B44E244845C300EF50F0 /* PBXTargetDependency */ = {
			isa = PBXTargetDependency;
			target = A623B42A244845C100EF50F0 /* PagenatedView */;
			targetProxy = A623B44D244845C300EF50F0 /* PBXContainerItemProxy */;
		};
/* End PBXTargetDependency section */

/* Begin PBXVariantGroup section */
		A623B439244845C300EF50F0 /* LaunchScreen.storyboard */ = {
			isa = PBXVariantGroup;
			children = (
				A623B43A244845C300EF50F0 /* Base */,
			);
			name = LaunchScreen.storyboard;
			sourceTree = "<group>";
		};
/* End PBXVariantGroup section */

/* Begin XCBuildConfiguration section */
		A623B453244845C300EF50F0 /* Debug */ = {
			isa = XCBuildConfiguration;
			buildSettings = {
				ALWAYS_SEARCH_USER_PATHS = NO;
				CLANG_ANALYZER_NONNULL = YES;
				CLANG_ANALYZER_NUMBER_OBJECT_CONVERSION = YES_AGGRESSIVE;
				CLANG_CXX_LANGUAGE_STANDARD = "gnu++14";
				CLANG_CXX_LIBRARY = "libc++";
				CLANG_ENABLE_MODULES = YES;
				CLANG_ENABLE_OBJC_ARC = YES;
				CLANG_ENABLE_OBJC_WEAK = YES;
				CLANG_WARN_BLOCK_CAPTURE_AUTORELEASING = YES;
				CLANG_WARN_BOOL_CONVERSION = YES;
				CLANG_WARN_COMMA = YES;
				CLANG_WARN_CONSTANT_CONVERSION = YES;
				CLANG_WARN_DEPRECATED_OBJC_IMPLEMENTATIONS = YES;
				CLANG_WARN_DIRECT_OBJC_ISA_USAGE = YES_ERROR;
				CLANG_WARN_DOCUMENTATION_COMMENTS = YES;
				CLANG_WARN_EMPTY_BODY = YES;
				CLANG_WARN_ENUM_CONVERSION = YES;
				CLANG_WARN_INFINITE_RECURSION = YES;
				CLANG_WARN_INT_CONVERSION = YES;
				CLANG_WARN_NON_LITERAL_NULL_CONVERSION = YES;
				CLANG_WARN_OBJC_IMPLICIT_RETAIN_SELF = YES;
				CLANG_WARN_OBJC_LITERAL_CONVERSION = YES;
				CLANG_WARN_OBJC_ROOT_CLASS = YES_ERROR;
				CLANG_WARN_RANGE_LOOP_ANALYSIS = YES;
				CLANG_WARN_STRICT_PROTOTYPES = YES;
				CLANG_WARN_SUSPICIOUS_MOVE = YES;
				CLANG_WARN_UNGUARDED_AVAILABILITY = YES_AGGRESSIVE;
				CLANG_WARN_UNREACHABLE_CODE = YES;
				CLANG_WARN__DUPLICATE_METHOD_MATCH = YES;
				COPY_PHASE_STRIP = NO;
				DEBUG_INFORMATION_FORMAT = dwarf;
				ENABLE_STRICT_OBJC_MSGSEND = YES;
				ENABLE_TESTABILITY = YES;
				GCC_C_LANGUAGE_STANDARD = gnu11;
				GCC_DYNAMIC_NO_PIC = NO;
				GCC_NO_COMMON_BLOCKS = YES;
				GCC_OPTIMIZATION_LEVEL = 0;
				GCC_PREPROCESSOR_DEFINITIONS = (
					"DEBUG=1",
					"$(inherited)",
				);
				GCC_WARN_64_TO_32_BIT_CONVERSION = YES;
				GCC_WARN_ABOUT_RETURN_TYPE = YES_ERROR;
				GCC_WARN_UNDECLARED_SELECTOR = YES;
				GCC_WARN_UNINITIALIZED_AUTOS = YES_AGGRESSIVE;
				GCC_WARN_UNUSED_FUNCTION = YES;
				GCC_WARN_UNUSED_VARIABLE = YES;
				IPHONEOS_DEPLOYMENT_TARGET = 13.2;
				MTL_ENABLE_DEBUG_INFO = INCLUDE_SOURCE;
				MTL_FAST_MATH = YES;
				ONLY_ACTIVE_ARCH = YES;
				SDKROOT = iphoneos;
				SWIFT_ACTIVE_COMPILATION_CONDITIONS = DEBUG;
				SWIFT_OPTIMIZATION_LEVEL = "-Onone";
			};
			name = Debug;
		};
		A623B454244845C300EF50F0 /* Release */ = {
			isa = XCBuildConfiguration;
			buildSettings = {
				ALWAYS_SEARCH_USER_PATHS = NO;
				CLANG_ANALYZER_NONNULL = YES;
				CLANG_ANALYZER_NUMBER_OBJECT_CONVERSION = YES_AGGRESSIVE;
				CLANG_CXX_LANGUAGE_STANDARD = "gnu++14";
				CLANG_CXX_LIBRARY = "libc++";
				CLANG_ENABLE_MODULES = YES;
				CLANG_ENABLE_OBJC_ARC = YES;
				CLANG_ENABLE_OBJC_WEAK = YES;
				CLANG_WARN_BLOCK_CAPTURE_AUTORELEASING = YES;
				CLANG_WARN_BOOL_CONVERSION = YES;
				CLANG_WARN_COMMA = YES;
				CLANG_WARN_CONSTANT_CONVERSION = YES;
				CLANG_WARN_DEPRECATED_OBJC_IMPLEMENTATIONS = YES;
				CLANG_WARN_DIRECT_OBJC_ISA_USAGE = YES_ERROR;
				CLANG_WARN_DOCUMENTATION_COMMENTS = YES;
				CLANG_WARN_EMPTY_BODY = YES;
				CLANG_WARN_ENUM_CONVERSION = YES;
				CLANG_WARN_INFINITE_RECURSION = YES;
				CLANG_WARN_INT_CONVERSION = YES;
				CLANG_WARN_NON_LITERAL_NULL_CONVERSION = YES;
				CLANG_WARN_OBJC_IMPLICIT_RETAIN_SELF = YES;
				CLANG_WARN_OBJC_LITERAL_CONVERSION = YES;
				CLANG_WARN_OBJC_ROOT_CLASS = YES_ERROR;
				CLANG_WARN_RANGE_LOOP_ANALYSIS = YES;
				CLANG_WARN_STRICT_PROTOTYPES = YES;
				CLANG_WARN_SUSPICIOUS_MOVE = YES;
				CLANG_WARN_UNGUARDED_AVAILABILITY = YES_AGGRESSIVE;
				CLANG_WARN_UNREACHABLE_CODE = YES;
				CLANG_WARN__DUPLICATE_METHOD_MATCH = YES;
				COPY_PHASE_STRIP = NO;
				DEBUG_INFORMATION_FORMAT = "dwarf-with-dsym";
				ENABLE_NS_ASSERTIONS = NO;
				ENABLE_STRICT_OBJC_MSGSEND = YES;
				GCC_C_LANGUAGE_STANDARD = gnu11;
				GCC_NO_COMMON_BLOCKS = YES;
				GCC_WARN_64_TO_32_BIT_CONVERSION = YES;
				GCC_WARN_ABOUT_RETURN_TYPE = YES_ERROR;
				GCC_WARN_UNDECLARED_SELECTOR = YES;
				GCC_WARN_UNINITIALIZED_AUTOS = YES_AGGRESSIVE;
				GCC_WARN_UNUSED_FUNCTION = YES;
				GCC_WARN_UNUSED_VARIABLE = YES;
				IPHONEOS_DEPLOYMENT_TARGET = 13.2;
				MTL_ENABLE_DEBUG_INFO = NO;
				MTL_FAST_MATH = YES;
				SDKROOT = iphoneos;
				SWIFT_COMPILATION_MODE = wholemodule;
				SWIFT_OPTIMIZATION_LEVEL = "-O";
				VALIDATE_PRODUCT = YES;
			};
			name = Release;
		};
		A623B456244845C300EF50F0 /* Debug */ = {
			isa = XCBuildConfiguration;
			buildSettings = {
				ASSETCATALOG_COMPILER_APPICON_NAME = AppIcon;
				CODE_SIGN_STYLE = Automatic;
				DEVELOPMENT_ASSET_PATHS = "\"PagenatedView/Preview Content\"";
				DEVELOPMENT_TEAM = 86BD45EKTC;
				ENABLE_PREVIEWS = YES;
				INFOPLIST_FILE = PagenatedView/Info.plist;
				LD_RUNPATH_SEARCH_PATHS = (
					"$(inherited)",
					"@executable_path/Frameworks",
				);
				PRODUCT_BUNDLE_IDENTIFIER = com.WayneHsiao.PagenatedView;
				PRODUCT_NAME = "$(TARGET_NAME)";
				SWIFT_VERSION = 5.0;
				TARGETED_DEVICE_FAMILY = "1,2";
			};
			name = Debug;
		};
		A623B457244845C300EF50F0 /* Release */ = {
			isa = XCBuildConfiguration;
			buildSettings = {
				ASSETCATALOG_COMPILER_APPICON_NAME = AppIcon;
				CODE_SIGN_STYLE = Automatic;
				DEVELOPMENT_ASSET_PATHS = "\"PagenatedView/Preview Content\"";
				DEVELOPMENT_TEAM = 86BD45EKTC;
				ENABLE_PREVIEWS = YES;
				INFOPLIST_FILE = PagenatedView/Info.plist;
				LD_RUNPATH_SEARCH_PATHS = (
					"$(inherited)",
					"@executable_path/Frameworks",
				);
				PRODUCT_BUNDLE_IDENTIFIER = com.WayneHsiao.PagenatedView;
				PRODUCT_NAME = "$(TARGET_NAME)";
				SWIFT_VERSION = 5.0;
				TARGETED_DEVICE_FAMILY = "1,2";
			};
			name = Release;
		};
		A623B459244845C300EF50F0 /* Debug */ = {
			isa = XCBuildConfiguration;
			buildSettings = {
				ALWAYS_EMBED_SWIFT_STANDARD_LIBRARIES = YES;
				BUNDLE_LOADER = "$(TEST_HOST)";
				CODE_SIGN_STYLE = Automatic;
				DEVELOPMENT_TEAM = 86BD45EKTC;
				INFOPLIST_FILE = PagenatedViewTests/Info.plist;
				IPHONEOS_DEPLOYMENT_TARGET = 13.2;
				LD_RUNPATH_SEARCH_PATHS = (
					"$(inherited)",
					"@executable_path/Frameworks",
					"@loader_path/Frameworks",
				);
				PRODUCT_BUNDLE_IDENTIFIER = com.WayneHsiao.PagenatedViewTests;
				PRODUCT_NAME = "$(TARGET_NAME)";
				SWIFT_VERSION = 5.0;
				TARGETED_DEVICE_FAMILY = "1,2";
				TEST_HOST = "$(BUILT_PRODUCTS_DIR)/PagenatedView.app/PagenatedView";
			};
			name = Debug;
		};
		A623B45A244845C300EF50F0 /* Release */ = {
			isa = XCBuildConfiguration;
			buildSettings = {
				ALWAYS_EMBED_SWIFT_STANDARD_LIBRARIES = YES;
				BUNDLE_LOADER = "$(TEST_HOST)";
				CODE_SIGN_STYLE = Automatic;
				DEVELOPMENT_TEAM = 86BD45EKTC;
				INFOPLIST_FILE = PagenatedViewTests/Info.plist;
				IPHONEOS_DEPLOYMENT_TARGET = 13.2;
				LD_RUNPATH_SEARCH_PATHS = (
					"$(inherited)",
					"@executable_path/Frameworks",
					"@loader_path/Frameworks",
				);
				PRODUCT_BUNDLE_IDENTIFIER = com.WayneHsiao.PagenatedViewTests;
				PRODUCT_NAME = "$(TARGET_NAME)";
				SWIFT_VERSION = 5.0;
				TARGETED_DEVICE_FAMILY = "1,2";
				TEST_HOST = "$(BUILT_PRODUCTS_DIR)/PagenatedView.app/PagenatedView";
			};
			name = Release;
		};
		A623B45C244845C300EF50F0 /* Debug */ = {
			isa = XCBuildConfiguration;
			buildSettings = {
				ALWAYS_EMBED_SWIFT_STANDARD_LIBRARIES = YES;
				CODE_SIGN_STYLE = Automatic;
				DEVELOPMENT_TEAM = 86BD45EKTC;
				INFOPLIST_FILE = PagenatedViewUITests/Info.plist;
				LD_RUNPATH_SEARCH_PATHS = (
					"$(inherited)",
					"@executable_path/Frameworks",
					"@loader_path/Frameworks",
				);
				PRODUCT_BUNDLE_IDENTIFIER = com.WayneHsiao.PagenatedViewUITests;
				PRODUCT_NAME = "$(TARGET_NAME)";
				SWIFT_VERSION = 5.0;
				TARGETED_DEVICE_FAMILY = "1,2";
				TEST_TARGET_NAME = PagenatedView;
			};
			name = Debug;
		};
		A623B45D244845C300EF50F0 /* Release */ = {
			isa = XCBuildConfiguration;
			buildSettings = {
				ALWAYS_EMBED_SWIFT_STANDARD_LIBRARIES = YES;
				CODE_SIGN_STYLE = Automatic;
				DEVELOPMENT_TEAM = 86BD45EKTC;
				INFOPLIST_FILE = PagenatedViewUITests/Info.plist;
				LD_RUNPATH_SEARCH_PATHS = (
					"$(inherited)",
					"@executable_path/Frameworks",
					"@loader_path/Frameworks",
				);
				PRODUCT_BUNDLE_IDENTIFIER = com.WayneHsiao.PagenatedViewUITests;
				PRODUCT_NAME = "$(TARGET_NAME)";
				SWIFT_VERSION = 5.0;
				TARGETED_DEVICE_FAMILY = "1,2";
				TEST_TARGET_NAME = PagenatedView;
			};
			name = Release;
		};
/* End XCBuildConfiguration section */

/* Begin XCConfigurationList section */
		A623B426244845C100EF50F0 /* Build configuration list for PBXProject "PagenatedView" */ = {
			isa = XCConfigurationList;
			buildConfigurations = (
				A623B453244845C300EF50F0 /* Debug */,
				A623B454244845C300EF50F0 /* Release */,
			);
			defaultConfigurationIsVisible = 0;
			defaultConfigurationName = Release;
		};
		A623B455244845C300EF50F0 /* Build configuration list for PBXNativeTarget "PagenatedView" */ = {
			isa = XCConfigurationList;
			buildConfigurations = (
				A623B456244845C300EF50F0 /* Debug */,
				A623B457244845C300EF50F0 /* Release */,
			);
			defaultConfigurationIsVisible = 0;
			defaultConfigurationName = Release;
		};
		A623B458244845C300EF50F0 /* Build configuration list for PBXNativeTarget "PagenatedViewTests" */ = {
			isa = XCConfigurationList;
			buildConfigurations = (
				A623B459244845C300EF50F0 /* Debug */,
				A623B45A244845C300EF50F0 /* Release */,
			);
			defaultConfigurationIsVisible = 0;
			defaultConfigurationName = Release;
		};
		A623B45B244845C300EF50F0 /* Build configuration list for PBXNativeTarget "PagenatedViewUITests" */ = {
			isa = XCConfigurationList;
			buildConfigurations = (
				A623B45C244845C300EF50F0 /* Debug */,
				A623B45D244845C300EF50F0 /* Release */,
			);
			defaultConfigurationIsVisible = 0;
			defaultConfigurationName = Release;
		};
/* End XCConfigurationList section */
	};
	rootObject = A623B423244845C100EF50F0 /* Project object */;
}
